
Microsoft Visual Studio Solution File, Format Version 12.00
# Visual Studio 14
VisualStudioVersion = 14.0.24720.0
MinimumVisualStudioVersion = 10.0.40219.1
Project("{FAE04EC0-301F-11D3-BF4B-00C04F79EFBC}") = "ShoppingCart", "ShoppingCart\ShoppingCart.csproj", "{8721026B-92D6-4CF5-AEE5-70C7D6381CA1}"
EndProject
Project("{FAE04EC0-301F-11D3-BF4B-00C04F79EFBC}") = "ShoppingCart.Tests", "ShoppingCart.Tests\ShoppingCart.Tests.csproj", "{463DD488-CEAB-4C79-8296-5A13B99C2D4F}"
EndProject
Global
	GlobalSection(SolutionConfigurationPlatforms) = preSolution
		Debug|Any CPU = Debug|Any CPU
		Release|Any CPU = Release|Any CPU
	EndGlobalSection
	GlobalSection(ProjectConfigurationPlatforms) = postSolution
		{8721026B-92D6-4CF5-AEE5-70C7D6381CA1}.Debug|Any CPU.ActiveCfg = Debug|Any CPU
		{8721026B-92D6-4CF5-AEE5-70C7D6381CA1}.Debug|Any CPU.Build.0 = Debug|Any CPU
		{8721026B-92D6-4CF5-AEE5-70C7D6381CA1}.Release|Any CPU.ActiveCfg = Release|Any CPU
		{8721026B-92D6-4CF5-AEE5-70C7D6381CA1}.Release|Any CPU.Build.0 = Release|Any CPU
		{463DD488-CEAB-4C79-8296-5A13B99C2D4F}.Debug|Any CPU.ActiveCfg = Debug|Any CPU
		{463DD488-CEAB-4C79-8296-5A13B99C2D4F}.Debug|Any CPU.Build.0 = Debug|Any CPU
		{463DD488-CEAB-4C79-8296-5A13B99C2D4F}.Release|Any CPU.ActiveCfg = Release|Any CPU
		{463DD488-CEAB-4C79-8296-5A13B99C2D4F}.Release|Any CPU.Build.0 = Release|Any CPU
	EndGlobalSection
	GlobalSection(SolutionProperties) = preSolution
		HideSolutionNode = FALSE
	EndGlobalSection
EndGlobal
